{
  "fixture_notice": "Fictional Composer lockfile fixture for evaluation only.",
  "_readme": ["Fictional evaluation fixture; not generated by a real organization."],
  "content-hash": "fictional-composer-lock",
  "packages": [
    {"name": "fictional/router", "version": "1.4.2"}
  ],
  "packages-dev": [
    {"name": "fictional/test-helper", "version": "0.9.0"}
  ]
}
