{
  "fixture_notice": "Fictional npm lockfile fixture for evaluation only.",
  "name": "fictional-route-app",
  "version": "1.0.0",
  "lockfileVersion": 3,
  "requires": true,
  "packages": {
    "": {"name": "fictional-route-app", "version": "1.0.0"},
    "node_modules/@fictional/query-parser": {
      "name": "@fictional/query-parser",
      "version": "2.1.4"
    },
    "node_modules/fictional-route-wrapper": {
      "name": "fictional-route-wrapper",
      "version": "3.0.0"
    }
  }
}
